
Microsoft Visual Studio Solution File, Format Version 12.00
# Visual Studio Version 17
VisualStudioVersion = 17.6.33815.320
MinimumVisualStudioVersion = 10.0.40219.1
Project("{FAE04EC0-301F-11D3-BF4B-00C04F79EFBC}") = "activitat4", "activitat4\activitat4.csproj", "{77C044FB-C88D-4E07-8914-B3C291C396CD}"
EndProject
Global
	GlobalSection(SolutionConfigurationPlatforms) = preSolution
		Debug|Any CPU = Debug|Any CPU
		Release|Any CPU = Release|Any CPU
	EndGlobalSection
	GlobalSection(ProjectConfigurationPlatforms) = postSolution
		{77C044FB-C88D-4E07-8914-B3C291C396CD}.Debug|Any CPU.ActiveCfg = Debug|Any CPU
		{77C044FB-C88D-4E07-8914-B3C291C396CD}.Debug|Any CPU.Build.0 = Debug|Any CPU
		{77C044FB-C88D-4E07-8914-B3C291C396CD}.Release|Any CPU.ActiveCfg = Release|Any CPU
		{77C044FB-C88D-4E07-8914-B3C291C396CD}.Release|Any CPU.Build.0 = Release|Any CPU
	EndGlobalSection
	GlobalSection(SolutionProperties) = preSolution
		HideSolutionNode = FALSE
	EndGlobalSection
	GlobalSection(ExtensibilityGlobals) = postSolution
		SolutionGuid = {C57C1DE2-011A-4076-A97D-8D059E16CF54}
	EndGlobalSection
EndGlobal
