
Microsoft Visual Studio Solution File, Format Version 12.00
# Visual Studio Version 17
VisualStudioVersion = 17.6.33815.320
MinimumVisualStudioVersion = 10.0.40219.1
Project("{FAE04EC0-301F-11D3-BF4B-00C04F79EFBC}") = "activitat11", "activitat11\activitat11.csproj", "{12EC3D01-EC7D-4F4D-BBAA-2B58CED22BF0}"
EndProject
Global
	GlobalSection(SolutionConfigurationPlatforms) = preSolution
		Debug|Any CPU = Debug|Any CPU
		Release|Any CPU = Release|Any CPU
	EndGlobalSection
	GlobalSection(ProjectConfigurationPlatforms) = postSolution
		{12EC3D01-EC7D-4F4D-BBAA-2B58CED22BF0}.Debug|Any CPU.ActiveCfg = Debug|Any CPU
		{12EC3D01-EC7D-4F4D-BBAA-2B58CED22BF0}.Debug|Any CPU.Build.0 = Debug|Any CPU
		{12EC3D01-EC7D-4F4D-BBAA-2B58CED22BF0}.Release|Any CPU.ActiveCfg = Release|Any CPU
		{12EC3D01-EC7D-4F4D-BBAA-2B58CED22BF0}.Release|Any CPU.Build.0 = Release|Any CPU
	EndGlobalSection
	GlobalSection(SolutionProperties) = preSolution
		HideSolutionNode = FALSE
	EndGlobalSection
	GlobalSection(ExtensibilityGlobals) = postSolution
		SolutionGuid = {4281D906-A488-442E-B84B-5C97291CDE8F}
	EndGlobalSection
EndGlobal
