
Microsoft Visual Studio Solution File, Format Version 12.00
# Visual Studio Version 17
VisualStudioVersion = 17.8.34330.188
MinimumVisualStudioVersion = 10.0.40219.1
Project("{FAE04EC0-301F-11D3-BF4B-00C04F79EFBC}") = "activitat32", "activitat32\activitat32.csproj", "{4C03D170-273D-48DD-8F75-A891E352DBFD}"
EndProject
Project("{FAE04EC0-301F-11D3-BF4B-00C04F79EFBC}") = "TestProjectSuperFour", "TestProjectSuperFour\TestProjectSuperFour.csproj", "{6574B91F-A503-4C34-B40B-911CE74AAECC}"
EndProject
Global
	GlobalSection(SolutionConfigurationPlatforms) = preSolution
		Debug|Any CPU = Debug|Any CPU
		Release|Any CPU = Release|Any CPU
	EndGlobalSection
	GlobalSection(ProjectConfigurationPlatforms) = postSolution
		{4C03D170-273D-48DD-8F75-A891E352DBFD}.Debug|Any CPU.ActiveCfg = Debug|Any CPU
		{4C03D170-273D-48DD-8F75-A891E352DBFD}.Debug|Any CPU.Build.0 = Debug|Any CPU
		{4C03D170-273D-48DD-8F75-A891E352DBFD}.Release|Any CPU.ActiveCfg = Release|Any CPU
		{4C03D170-273D-48DD-8F75-A891E352DBFD}.Release|Any CPU.Build.0 = Release|Any CPU
		{6574B91F-A503-4C34-B40B-911CE74AAECC}.Debug|Any CPU.ActiveCfg = Debug|Any CPU
		{6574B91F-A503-4C34-B40B-911CE74AAECC}.Debug|Any CPU.Build.0 = Debug|Any CPU
		{6574B91F-A503-4C34-B40B-911CE74AAECC}.Release|Any CPU.ActiveCfg = Release|Any CPU
		{6574B91F-A503-4C34-B40B-911CE74AAECC}.Release|Any CPU.Build.0 = Release|Any CPU
	EndGlobalSection
	GlobalSection(SolutionProperties) = preSolution
		HideSolutionNode = FALSE
	EndGlobalSection
	GlobalSection(ExtensibilityGlobals) = postSolution
		SolutionGuid = {3A1EF206-FBC6-4A23-88FF-FE61A00423EF}
	EndGlobalSection
EndGlobal
