
Microsoft Visual Studio Solution File, Format Version 12.00
# Visual Studio Version 17
VisualStudioVersion = 17.6.33815.320
MinimumVisualStudioVersion = 10.0.40219.1
Project("{FAE04EC0-301F-11D3-BF4B-00C04F79EFBC}") = "activitat16", "activitat16\activitat16.csproj", "{3390CB6E-4270-4ADF-90B5-860A344AAE5A}"
EndProject
Global
	GlobalSection(SolutionConfigurationPlatforms) = preSolution
		Debug|Any CPU = Debug|Any CPU
		Release|Any CPU = Release|Any CPU
	EndGlobalSection
	GlobalSection(ProjectConfigurationPlatforms) = postSolution
		{3390CB6E-4270-4ADF-90B5-860A344AAE5A}.Debug|Any CPU.ActiveCfg = Debug|Any CPU
		{3390CB6E-4270-4ADF-90B5-860A344AAE5A}.Debug|Any CPU.Build.0 = Debug|Any CPU
		{3390CB6E-4270-4ADF-90B5-860A344AAE5A}.Release|Any CPU.ActiveCfg = Release|Any CPU
		{3390CB6E-4270-4ADF-90B5-860A344AAE5A}.Release|Any CPU.Build.0 = Release|Any CPU
	EndGlobalSection
	GlobalSection(SolutionProperties) = preSolution
		HideSolutionNode = FALSE
	EndGlobalSection
	GlobalSection(ExtensibilityGlobals) = postSolution
		SolutionGuid = {C37B47EE-B4E3-4CED-83C8-2AE16E502C43}
	EndGlobalSection
EndGlobal
