
Microsoft Visual Studio Solution File, Format Version 12.00
# Visual Studio Version 17
VisualStudioVersion = 17.6.33815.320
MinimumVisualStudioVersion = 10.0.40219.1
Project("{FAE04EC0-301F-11D3-BF4B-00C04F79EFBC}") = "activitat7", "activitat7\activitat7.csproj", "{F6EB3F91-1D25-4818-8A4F-B321C3042B34}"
EndProject
Global
	GlobalSection(SolutionConfigurationPlatforms) = preSolution
		Debug|Any CPU = Debug|Any CPU
		Release|Any CPU = Release|Any CPU
	EndGlobalSection
	GlobalSection(ProjectConfigurationPlatforms) = postSolution
		{F6EB3F91-1D25-4818-8A4F-B321C3042B34}.Debug|Any CPU.ActiveCfg = Debug|Any CPU
		{F6EB3F91-1D25-4818-8A4F-B321C3042B34}.Debug|Any CPU.Build.0 = Debug|Any CPU
		{F6EB3F91-1D25-4818-8A4F-B321C3042B34}.Release|Any CPU.ActiveCfg = Release|Any CPU
		{F6EB3F91-1D25-4818-8A4F-B321C3042B34}.Release|Any CPU.Build.0 = Release|Any CPU
	EndGlobalSection
	GlobalSection(SolutionProperties) = preSolution
		HideSolutionNode = FALSE
	EndGlobalSection
	GlobalSection(ExtensibilityGlobals) = postSolution
		SolutionGuid = {52DCBAA0-768E-4F16-9348-D4A536D55511}
	EndGlobalSection
EndGlobal
