
Microsoft Visual Studio Solution File, Format Version 12.00
# Visual Studio Version 17
VisualStudioVersion = 17.8.34330.188
MinimumVisualStudioVersion = 10.0.40219.1
Project("{FAE04EC0-301F-11D3-BF4B-00C04F79EFBC}") = "UnitTestingJanEspana", "UnitTestingJanEspana\UnitTestingJanEspana.csproj", "{A633291F-B368-4FF0-9FAE-BD0B6308758B}"
EndProject
Project("{FAE04EC0-301F-11D3-BF4B-00C04F79EFBC}") = "TestProjectJanEspana", "TestProjectJanEspana\TestProjectJanEspana.csproj", "{31F9028F-47DC-4756-9E02-13EC954A7D27}"
EndProject
Global
	GlobalSection(SolutionConfigurationPlatforms) = preSolution
		Debug|Any CPU = Debug|Any CPU
		Release|Any CPU = Release|Any CPU
	EndGlobalSection
	GlobalSection(ProjectConfigurationPlatforms) = postSolution
		{A633291F-B368-4FF0-9FAE-BD0B6308758B}.Debug|Any CPU.ActiveCfg = Debug|Any CPU
		{A633291F-B368-4FF0-9FAE-BD0B6308758B}.Debug|Any CPU.Build.0 = Debug|Any CPU
		{A633291F-B368-4FF0-9FAE-BD0B6308758B}.Release|Any CPU.ActiveCfg = Release|Any CPU
		{A633291F-B368-4FF0-9FAE-BD0B6308758B}.Release|Any CPU.Build.0 = Release|Any CPU
		{31F9028F-47DC-4756-9E02-13EC954A7D27}.Debug|Any CPU.ActiveCfg = Debug|Any CPU
		{31F9028F-47DC-4756-9E02-13EC954A7D27}.Debug|Any CPU.Build.0 = Debug|Any CPU
		{31F9028F-47DC-4756-9E02-13EC954A7D27}.Release|Any CPU.ActiveCfg = Release|Any CPU
		{31F9028F-47DC-4756-9E02-13EC954A7D27}.Release|Any CPU.Build.0 = Release|Any CPU
	EndGlobalSection
	GlobalSection(SolutionProperties) = preSolution
		HideSolutionNode = FALSE
	EndGlobalSection
	GlobalSection(ExtensibilityGlobals) = postSolution
		SolutionGuid = {86A0D507-D92F-45C1-A035-08911C597740}
	EndGlobalSection
EndGlobal
